
Microsoft Visual Studio Solution File, Format Version 12.00
# Visual Studio Version 17
VisualStudioVersion = 17.4.33122.133
MinimumVisualStudioVersion = 10.0.40219.1
Project("{FAE04EC0-301F-11D3-BF4B-00C04F79EFBC}") = "Terra.Microsoft.Keys", "Terra.Microsoft.Keys\Terra.Microsoft.Keys.csproj", "{F87F334D-F2F0-4962-AEB9-AB8AABA24E6C}"
EndProject
Global
	GlobalSection(SolutionConfigurationPlatforms) = preSolution
		Debug|Any CPU = Debug|Any CPU
		Release|Any CPU = Release|Any CPU
	EndGlobalSection
	GlobalSection(ProjectConfigurationPlatforms) = postSolution
		{F87F334D-F2F0-4962-AEB9-AB8AABA24E6C}.Debug|Any CPU.ActiveCfg = Debug|Any CPU
		{F87F334D-F2F0-4962-AEB9-AB8AABA24E6C}.Debug|Any CPU.Build.0 = Debug|Any CPU
		{F87F334D-F2F0-4962-AEB9-AB8AABA24E6C}.Release|Any CPU.ActiveCfg = Release|Any CPU
		{F87F334D-F2F0-4962-AEB9-AB8AABA24E6C}.Release|Any CPU.Build.0 = Release|Any CPU
	EndGlobalSection
	GlobalSection(SolutionProperties) = preSolution
		HideSolutionNode = FALSE
	EndGlobalSection
	GlobalSection(ExtensibilityGlobals) = postSolution
		SolutionGuid = {36B290DD-861C-4A34-B342-DDD4B7382665}
	EndGlobalSection
EndGlobal
